
Microsoft Visual Studio Solution File, Format Version 12.00
# Visual Studio Version 16
VisualStudioVersion = 16.0.31205.134
MinimumVisualStudioVersion = 10.0.40219.1
Project("{FAE04EC0-301F-11D3-BF4B-00C04F79EFBC}") = "Domain", "Domain.csproj", "{55A7C1C5-5183-47BF-82AD-C0781D847AC5}"
EndProject
Project("{FAE04EC0-301F-11D3-BF4B-00C04F79EFBC}") = "Application", "..\Application\Application.csproj", "{CF86A1A2-9E13-43DF-A236-6D45E7F0AE79}"
EndProject
Project("{FAE04EC0-301F-11D3-BF4B-00C04F79EFBC}") = "Implementation", "..\Implementation\Implementation.csproj", "{CCBFEA51-227F-4E41-AF4F-7C54692F1271}"
EndProject
Project("{FAE04EC0-301F-11D3-BF4B-00C04F79EFBC}") = "DataAccess", "..\DomainAccess\DataAccess.csproj", "{DB2A9356-949A-48B9-99AF-1E50924C677A}"
EndProject
Project("{FAE04EC0-301F-11D3-BF4B-00C04F79EFBC}") = "Api", "..\Api\Api.csproj", "{9B8C18BF-7416-4C5F-8A31-EBF57E97E2EF}"
EndProject
Global
	GlobalSection(SolutionConfigurationPlatforms) = preSolution
		Debug|Any CPU = Debug|Any CPU
		Release|Any CPU = Release|Any CPU
	EndGlobalSection
	GlobalSection(ProjectConfigurationPlatforms) = postSolution
		{55A7C1C5-5183-47BF-82AD-C0781D847AC5}.Debug|Any CPU.ActiveCfg = Debug|Any CPU
		{55A7C1C5-5183-47BF-82AD-C0781D847AC5}.Debug|Any CPU.Build.0 = Debug|Any CPU
		{55A7C1C5-5183-47BF-82AD-C0781D847AC5}.Release|Any CPU.ActiveCfg = Release|Any CPU
		{55A7C1C5-5183-47BF-82AD-C0781D847AC5}.Release|Any CPU.Build.0 = Release|Any CPU
		{CF86A1A2-9E13-43DF-A236-6D45E7F0AE79}.Debug|Any CPU.ActiveCfg = Debug|Any CPU
		{CF86A1A2-9E13-43DF-A236-6D45E7F0AE79}.Debug|Any CPU.Build.0 = Debug|Any CPU
		{CF86A1A2-9E13-43DF-A236-6D45E7F0AE79}.Release|Any CPU.ActiveCfg = Release|Any CPU
		{CF86A1A2-9E13-43DF-A236-6D45E7F0AE79}.Release|Any CPU.Build.0 = Release|Any CPU
		{CCBFEA51-227F-4E41-AF4F-7C54692F1271}.Debug|Any CPU.ActiveCfg = Debug|Any CPU
		{CCBFEA51-227F-4E41-AF4F-7C54692F1271}.Debug|Any CPU.Build.0 = Debug|Any CPU
		{CCBFEA51-227F-4E41-AF4F-7C54692F1271}.Release|Any CPU.ActiveCfg = Release|Any CPU
		{CCBFEA51-227F-4E41-AF4F-7C54692F1271}.Release|Any CPU.Build.0 = Release|Any CPU
		{DB2A9356-949A-48B9-99AF-1E50924C677A}.Debug|Any CPU.ActiveCfg = Debug|Any CPU
		{DB2A9356-949A-48B9-99AF-1E50924C677A}.Debug|Any CPU.Build.0 = Debug|Any CPU
		{DB2A9356-949A-48B9-99AF-1E50924C677A}.Release|Any CPU.ActiveCfg = Release|Any CPU
		{DB2A9356-949A-48B9-99AF-1E50924C677A}.Release|Any CPU.Build.0 = Release|Any CPU
		{9B8C18BF-7416-4C5F-8A31-EBF57E97E2EF}.Debug|Any CPU.ActiveCfg = Debug|Any CPU
		{9B8C18BF-7416-4C5F-8A31-EBF57E97E2EF}.Debug|Any CPU.Build.0 = Debug|Any CPU
		{9B8C18BF-7416-4C5F-8A31-EBF57E97E2EF}.Release|Any CPU.ActiveCfg = Release|Any CPU
		{9B8C18BF-7416-4C5F-8A31-EBF57E97E2EF}.Release|Any CPU.Build.0 = Release|Any CPU
	EndGlobalSection
	GlobalSection(SolutionProperties) = preSolution
		HideSolutionNode = FALSE
	EndGlobalSection
	GlobalSection(ExtensibilityGlobals) = postSolution
		SolutionGuid = {F0B87203-AFBC-4E8C-9B62-58CA54DAD575}
	EndGlobalSection
EndGlobal
